// !$*UTF8*$!
{
	archiveVersion = 1;
	classes = {
	};
	objectVersion = 46;
	objects = {

/* Begin PBXFileReference section */
		350B9F8C1BC5446E0043E75F /* Camera.cpp */ = {isa = PBXFileReference; lastKnownFileType = sourcecode.cpp.cpp; path = Camera.cpp; sourceTree = "<group>"; };
		350B9F8D1BC5446E0043E75F /* Camera.h */ = {isa = PBXFileReference; lastKnownFileType = sourcecode.c.h; path = Camera.h; sourceTree = "<group>"; };
		350B9F8E1BC5446E0043E75F /* main.cpp */ = {isa = PBXFileReference; lastKnownFileType = sourcecode.cpp.cpp; path = main.cpp; sourceTree = "<group>"; };
		350B9F8F1BC5446E0043E75F /* Plane.cpp */ = {isa = PBXFileReference; lastKnownFileType = sourcecode.cpp.cpp; path = Plane.cpp; sourceTree = "<group>"; };
		350B9F901BC5446E0043E75F /* Plane.h */ = {isa = PBXFileReference; lastKnownFileType = sourcecode.c.h; path = Plane.h; sourceTree = "<group>"; };
		350B9F911BC5446E0043E75F /* Sphere.cpp */ = {isa = PBXFileReference; lastKnownFileType = sourcecode.cpp.cpp; path = Sphere.cpp; sourceTree = "<group>"; };
		350B9F921BC5446E0043E75F /* Sphere.h */ = {isa = PBXFileReference; lastKnownFileType = sourcecode.c.h; path = Sphere.h; sourceTree = "<group>"; };
		350B9F931BC5446E0043E75F /* Utilities.cpp */ = {isa = PBXFileReference; lastKnownFileType = sourcecode.cpp.cpp; path = Utilities.cpp; sourceTree = "<group>"; };
		350B9F941BC5446E0043E75F /* Utilities.h */ = {isa = PBXFileReference; lastKnownFileType = sourcecode.c.h; path = Utilities.h; sourceTree = "<group>"; };
/* End PBXFileReference section */

/* Begin PBXGroup section */
		350B9F951BC544740043E75F /* Header */ = {
			isa = PBXGroup;
			children = (
				350B9F8D1BC5446E0043E75F /* Camera.h */,
				350B9F901BC5446E0043E75F /* Plane.h */,
				350B9F921BC5446E0043E75F /* Sphere.h */,
				350B9F941BC5446E0043E75F /* Utilities.h */,
			);
			name = Header;
			path = OJGIR;
			sourceTree = "<group>";
		};
		350B9F961BC5448D0043E75F /* Source */ = {
			isa = PBXGroup;
			children = (
				350B9F8C1BC5446E0043E75F /* Camera.cpp */,
				350B9F8E1BC5446E0043E75F /* main.cpp */,
				350B9F8F1BC5446E0043E75F /* Plane.cpp */,
				350B9F911BC5446E0043E75F /* Sphere.cpp */,
				350B9F931BC5446E0043E75F /* Utilities.cpp */,
			);
			name = Source;
			path = OJGIR;
			sourceTree = "<group>";
		};
		35DCE8CE1BC5440200E67C63 = {
			isa = PBXGroup;
			children = (
				350B9F951BC544740043E75F /* Header */,
				350B9F961BC5448D0043E75F /* Source */,
			);
			sourceTree = "<group>";
		};
/* End PBXGroup section */

/* Begin PBXProject section */
		35DCE8CF1BC5440200E67C63 /* Project object */ = {
			isa = PBXProject;
			attributes = {
				LastUpgradeCheck = 0700;
			};
			buildConfigurationList = 35DCE8D21BC5440200E67C63 /* Build configuration list for PBXProject "OJGIR" */;
			compatibilityVersion = "Xcode 3.2";
			developmentRegion = English;
			hasScannedForEncodings = 0;
			knownRegions = (
				en,
			);
			mainGroup = 35DCE8CE1BC5440200E67C63;
			projectDirPath = "";
			projectRoot = "";
			targets = (
			);
		};
/* End PBXProject section */

/* Begin XCBuildConfiguration section */
		35DCE8D31BC5440200E67C63 /* Debug */ = {
			isa = XCBuildConfiguration;
			buildSettings = {
			};
			name = Debug;
		};
		35DCE8D41BC5440200E67C63 /* Release */ = {
			isa = XCBuildConfiguration;
			buildSettings = {
			};
			name = Release;
		};
/* End XCBuildConfiguration section */

/* Begin XCConfigurationList section */
		35DCE8D21BC5440200E67C63 /* Build configuration list for PBXProject "OJGIR" */ = {
			isa = XCConfigurationList;
			buildConfigurations = (
				35DCE8D31BC5440200E67C63 /* Debug */,
				35DCE8D41BC5440200E67C63 /* Release */,
			);
			defaultConfigurationIsVisible = 0;
			defaultConfigurationName = Release;
		};
/* End XCConfigurationList section */
	};
	rootObject = 35DCE8CF1BC5440200E67C63 /* Project object */;
}
